<?xml version="1.0" encoding="utf-8"?>
<Project ToolsVersion="4.0" xmlns="http://schemas.microsoft.com/developer/msbuild/2003">
  <ItemGroup>
    <Filter Include="源文件">
      <UniqueIdentifier>{4FC737F1-C7A5-4376-A066-2A32D752A2FF}</UniqueIdentifier>
      <Extensions>cpp;c;cc;cxx;c++;cppm;ixx;def;odl;idl;hpj;bat;asm;asmx</Extensions>
    </Filter>
    <Filter Include="头文件">
      <UniqueIdentifier>{93995380-89BD-4b04-88EB-625FBE52EBFB}</UniqueIdentifier>
      <Extensions>h;hh;hpp;hxx;h++;hm;inl;inc;ipp;xsd</Extensions>
    </Filter>
    <Filter Include="资源文件">
      <UniqueIdentifier>{67DA6AB6-F800-4c08-8B7A-83BB121AAD01}</UniqueIdentifier>
      <Extensions>rc;ico;cur;bmp;dlg;rc2;rct;bin;rgs;gif;jpg;jpeg;jpe;resx;tiff;tif;png;wav;mfcribbon-ms</Extensions>
    </Filter>
    <Filter Include="ImGui">
      <UniqueIdentifier>{67d6b690-78f2-42e9-beb0-b7f2b7e66f3f}</UniqueIdentifier>
    </Filter>
    <Filter Include="kiero">
      <UniqueIdentifier>{259c3739-2e26-4cb4-b346-c7630adf58f0}</UniqueIdentifier>
    </Filter>
    <Filter Include="Menu">
      <UniqueIdentifier>{cb7aa1fc-f096-47cf-bf16-22aae70ba971}</UniqueIdentifier>
    </Filter>
    <Filter Include="Cheat">
      <UniqueIdentifier>{0491eae0-0425-4e4b-a5f7-98cd6a40ef8d}</UniqueIdentifier>
    </Filter>
    <Filter Include="SDK">
      <UniqueIdentifier>{292736fe-1816-47be-881c-dcc40a706788}</UniqueIdentifier>
    </Filter>
    <Filter Include="Common">
      <UniqueIdentifier>{f2ea29ea-5ec1-4872-a406-bcf28bb6d1f9}</UniqueIdentifier>
    </Filter>
    <Filter Include="YPagehook">
      <UniqueIdentifier>{3850550c-e213-4742-a1b0-7938d17fb5e8}</UniqueIdentifier>
    </Filter>
    <Filter Include="InlineHook">
      <UniqueIdentifier>{47474be7-3781-46ee-a2c4-ffd9eab45e02}</UniqueIdentifier>
    </Filter>
  </ItemGroup>
  <ItemGroup>
    <ClCompile Include="dllmain.cpp">
      <Filter>源文件</Filter>
    </ClCompile>
    <ClCompile Include="DX11.cpp">
      <Filter>源文件</Filter>
    </ClCompile>
    <ClCompile Include="ImGui\imgui.cpp">
      <Filter>ImGui</Filter>
    </ClCompile>
    <ClCompile Include="ImGui\imgui_demo.cpp">
      <Filter>ImGui</Filter>
    </ClCompile>
    <ClCompile Include="ImGui\imgui_draw.cpp">
      <Filter>ImGui</Filter>
    </ClCompile>
    <ClCompile Include="ImGui\imgui_impl_dx11.cpp">
      <Filter>ImGui</Filter>
    </ClCompile>
    <ClCompile Include="ImGui\imgui_impl_win32.cpp">
      <Filter>ImGui</Filter>
    </ClCompile>
    <ClCompile Include="ImGui\imgui_tables.cpp">
      <Filter>ImGui</Filter>
    </ClCompile>
    <ClCompile Include="ImGui\imgui_widgets.cpp">
      <Filter>ImGui</Filter>
    </ClCompile>
    <ClCompile Include="kiero\kiero.cpp">
      <Filter>kiero</Filter>
    </ClCompile>
    <ClCompile Include="kiero\minhook\src\buffer.c">
      <Filter>kiero</Filter>
    </ClCompile>
    <ClCompile Include="kiero\minhook\src\hook.c">
      <Filter>kiero</Filter>
    </ClCompile>
    <ClCompile Include="kiero\minhook\src\trampoline.c">
      <Filter>kiero</Filter>
    </ClCompile>
    <ClCompile Include="kiero\minhook\src\hde\hde32.c">
      <Filter>kiero</Filter>
    </ClCompile>
    <ClCompile Include="kiero\minhook\src\hde\hde64.c">
      <Filter>kiero</Filter>
    </ClCompile>
    <ClCompile Include="Menu.cpp">
      <Filter>Menu</Filter>
    </ClCompile>
    <ClCompile Include="Obfuscationmgr.cpp">
      <Filter>SDK</Filter>
    </ClCompile>
    <ClCompile Include="Frosbite.cpp">
      <Filter>SDK</Filter>
    </ClCompile>
    <ClCompile Include="Render.cpp">
      <Filter>Cheat</Filter>
    </ClCompile>
    <ClCompile Include="Cheat.cpp">
      <Filter>Cheat</Filter>
    </ClCompile>
    <ClCompile Include="Help.cpp">
      <Filter>Common</Filter>
    </ClCompile>
    <ClCompile Include="YPagehook\YPageHook.cpp">
      <Filter>YPagehook</Filter>
    </ClCompile>
    <ClCompile Include="AimBot.cpp">
      <Filter>Cheat</Filter>
    </ClCompile>
    <ClCompile Include="OtherFunc.cpp">
      <Filter>Cheat</Filter>
    </ClCompile>
    <ClCompile Include="InlineHook\MemoryHook.cpp">
      <Filter>InlineHook</Filter>
    </ClCompile>
    <ClCompile Include="AntiScreenShot.cpp">
      <Filter>Cheat</Filter>
    </ClCompile>
  </ItemGroup>
  <ItemGroup>
    <ClInclude Include="Base.h">
      <Filter>头文件</Filter>
    </ClInclude>
    <ClInclude Include="DX11.h">
      <Filter>头文件</Filter>
    </ClInclude>
    <ClInclude Include="ImGui\baidu_font.h">
      <Filter>ImGui</Filter>
    </ClInclude>
    <ClInclude Include="ImGui\imconfig.h">
      <Filter>ImGui</Filter>
    </ClInclude>
    <ClInclude Include="ImGui\imgui.h">
      <Filter>ImGui</Filter>
    </ClInclude>
    <ClInclude Include="ImGui\imgui_impl_dx11.h">
      <Filter>ImGui</Filter>
    </ClInclude>
    <ClInclude Include="ImGui\imgui_impl_win32.h">
      <Filter>ImGui</Filter>
    </ClInclude>
    <ClInclude Include="ImGui\imgui_internal.h">
      <Filter>ImGui</Filter>
    </ClInclude>
    <ClInclude Include="ImGui\imstb_rectpack.h">
      <Filter>ImGui</Filter>
    </ClInclude>
    <ClInclude Include="ImGui\imstb_textedit.h">
      <Filter>ImGui</Filter>
    </ClInclude>
    <ClInclude Include="ImGui\imstb_truetype.h">
      <Filter>ImGui</Filter>
    </ClInclude>
    <ClInclude Include="ImGui\sytpe.hpp">
      <Filter>ImGui</Filter>
    </ClInclude>
    <ClInclude Include="kiero\kiero.h">
      <Filter>kiero</Filter>
    </ClInclude>
    <ClInclude Include="kiero\minhook\include\MinHook.h">
      <Filter>kiero</Filter>
    </ClInclude>
    <ClInclude Include="kiero\minhook\src\buffer.h">
      <Filter>kiero</Filter>
    </ClInclude>
    <ClInclude Include="kiero\minhook\src\trampoline.h">
      <Filter>kiero</Filter>
    </ClInclude>
    <ClInclude Include="kiero\minhook\src\hde\hde32.h">
      <Filter>kiero</Filter>
    </ClInclude>
    <ClInclude Include="kiero\minhook\src\hde\hde64.h">
      <Filter>kiero</Filter>
    </ClInclude>
    <ClInclude Include="kiero\minhook\src\hde\pstdint.h">
      <Filter>kiero</Filter>
    </ClInclude>
    <ClInclude Include="kiero\minhook\src\hde\table32.h">
      <Filter>kiero</Filter>
    </ClInclude>
    <ClInclude Include="kiero\minhook\src\hde\table64.h">
      <Filter>kiero</Filter>
    </ClInclude>
    <ClInclude Include="Menu.h">
      <Filter>Menu</Filter>
    </ClInclude>
    <ClInclude Include="Obfuscationmgr.h">
      <Filter>SDK</Filter>
    </ClInclude>
    <ClInclude Include="Frosbite.h">
      <Filter>SDK</Filter>
    </ClInclude>
    <ClInclude Include="Render.h">
      <Filter>Cheat</Filter>
    </ClInclude>
    <ClInclude Include="Cheat.h">
      <Filter>Cheat</Filter>
    </ClInclude>
    <ClInclude Include="Help.h">
      <Filter>Common</Filter>
    </ClInclude>
    <ClInclude Include="YPagehook\YPageHook.h">
      <Filter>YPagehook</Filter>
    </ClInclude>
    <ClInclude Include="AimBot.h">
      <Filter>Cheat</Filter>
    </ClInclude>
    <ClInclude Include="OtherFunc.h">
      <Filter>Cheat</Filter>
    </ClInclude>
    <ClInclude Include="InlineHook\MemoryHook.h">
      <Filter>InlineHook</Filter>
    </ClInclude>
    <ClInclude Include="AntiScreenShot.h">
      <Filter>Cheat</Filter>
    </ClInclude>
  </ItemGroup>
  <ItemGroup>
    <None Include="kiero\minhook\dll_resources\MinHook.aps">
      <Filter>kiero</Filter>
    </None>
    <None Include="kiero\minhook\dll_resources\MinHook.def">
      <Filter>kiero</Filter>
    </None>
    <None Include="BF1_Cheater.licenseheader" />
  </ItemGroup>
  <ItemGroup>
    <ResourceCompile Include="kiero\minhook\dll_resources\MinHook.rc">
      <Filter>kiero</Filter>
    </ResourceCompile>
  </ItemGroup>
</Project>